
Microsoft Visual Studio Solution File, Format Version 12.00
# Visual Studio Version 16
VisualStudioVersion = 16.0.30804.86
MinimumVisualStudioVersion = 10.0.40219.1
Project("{FAE04EC0-301F-11D3-BF4B-00C04F79EFBC}") = "Agenda", "Agenda.csproj", "{16D5698E-C776-465D-B388-661685E2440E}"
EndProject
Global
	GlobalSection(SolutionConfigurationPlatforms) = preSolution
		Debug|Any CPU = Debug|Any CPU
		Release|Any CPU = Release|Any CPU
	EndGlobalSection
	GlobalSection(ProjectConfigurationPlatforms) = postSolution
		{16D5698E-C776-465D-B388-661685E2440E}.Debug|Any CPU.ActiveCfg = Debug|Any CPU
		{16D5698E-C776-465D-B388-661685E2440E}.Debug|Any CPU.Build.0 = Debug|Any CPU
		{16D5698E-C776-465D-B388-661685E2440E}.Release|Any CPU.ActiveCfg = Release|Any CPU
		{16D5698E-C776-465D-B388-661685E2440E}.Release|Any CPU.Build.0 = Release|Any CPU
	EndGlobalSection
	GlobalSection(SolutionProperties) = preSolution
		HideSolutionNode = FALSE
	EndGlobalSection
	GlobalSection(ExtensibilityGlobals) = postSolution
		SolutionGuid = {63FAB797-3784-46B4-9B16-0EFD231E8576}
	EndGlobalSection
EndGlobal
